
Microsoft Visual Studio Solution File, Format Version 12.00
# Visual Studio 14
VisualStudioVersion = 14.0.25420.1
MinimumVisualStudioVersion = 10.0.40219.1
Project("{FAE04EC0-301F-11D3-BF4B-00C04F79EFBC}") = "UniWeb", "UniWeb\UniWeb.csproj", "{A465B523-D24A-4472-9EFA-B3F40A01B881}"
EndProject
Project("{FAE04EC0-301F-11D3-BF4B-00C04F79EFBC}") = "BaseLibs", "BaseLibs\BaseLibs.csproj", "{74B32E94-09BF-4D76-B053-6E2103687F6B}"
EndProject
Project("{FAE04EC0-301F-11D3-BF4B-00C04F79EFBC}") = "BaseUniWeb", "BaseUniWeb\BaseUniWeb.csproj", "{E58F3EAD-CD3F-4436-B60F-C9B2834CA8EB}"
EndProject
Project("{FAE04EC0-301F-11D3-BF4B-00C04F79EFBC}") = "BaseUIUtility", "BaseUIUtility\BaseUIUtility.csproj", "{BDAE7EA3-499D-489A-83DE-19DB3869523F}"
EndProject
Global
	GlobalSection(SolutionConfigurationPlatforms) = preSolution
		Debug|Any CPU = Debug|Any CPU
		Debug|x86 = Debug|x86
		Release|Any CPU = Release|Any CPU
		Release|x86 = Release|x86
	EndGlobalSection
	GlobalSection(ProjectConfigurationPlatforms) = postSolution
		{A465B523-D24A-4472-9EFA-B3F40A01B881}.Debug|Any CPU.ActiveCfg = Debug|Any CPU
		{A465B523-D24A-4472-9EFA-B3F40A01B881}.Debug|Any CPU.Build.0 = Debug|Any CPU
		{A465B523-D24A-4472-9EFA-B3F40A01B881}.Debug|x86.ActiveCfg = Debug|x86
		{A465B523-D24A-4472-9EFA-B3F40A01B881}.Debug|x86.Build.0 = Debug|x86
		{A465B523-D24A-4472-9EFA-B3F40A01B881}.Release|Any CPU.ActiveCfg = Release|Any CPU
		{A465B523-D24A-4472-9EFA-B3F40A01B881}.Release|Any CPU.Build.0 = Release|Any CPU
		{A465B523-D24A-4472-9EFA-B3F40A01B881}.Release|x86.ActiveCfg = Release|x86
		{A465B523-D24A-4472-9EFA-B3F40A01B881}.Release|x86.Build.0 = Release|x86
		{74B32E94-09BF-4D76-B053-6E2103687F6B}.Debug|Any CPU.ActiveCfg = Debug|Any CPU
		{74B32E94-09BF-4D76-B053-6E2103687F6B}.Debug|Any CPU.Build.0 = Debug|Any CPU
		{74B32E94-09BF-4D76-B053-6E2103687F6B}.Debug|x86.ActiveCfg = Debug|x86
		{74B32E94-09BF-4D76-B053-6E2103687F6B}.Debug|x86.Build.0 = Debug|x86
		{74B32E94-09BF-4D76-B053-6E2103687F6B}.Release|Any CPU.ActiveCfg = Release|Any CPU
		{74B32E94-09BF-4D76-B053-6E2103687F6B}.Release|Any CPU.Build.0 = Release|Any CPU
		{74B32E94-09BF-4D76-B053-6E2103687F6B}.Release|x86.ActiveCfg = Release|x86
		{74B32E94-09BF-4D76-B053-6E2103687F6B}.Release|x86.Build.0 = Release|x86
		{E58F3EAD-CD3F-4436-B60F-C9B2834CA8EB}.Debug|Any CPU.ActiveCfg = Debug|Any CPU
		{E58F3EAD-CD3F-4436-B60F-C9B2834CA8EB}.Debug|Any CPU.Build.0 = Debug|Any CPU
		{E58F3EAD-CD3F-4436-B60F-C9B2834CA8EB}.Debug|x86.ActiveCfg = Debug|x86
		{E58F3EAD-CD3F-4436-B60F-C9B2834CA8EB}.Debug|x86.Build.0 = Debug|x86
		{E58F3EAD-CD3F-4436-B60F-C9B2834CA8EB}.Release|Any CPU.ActiveCfg = Release|Any CPU
		{E58F3EAD-CD3F-4436-B60F-C9B2834CA8EB}.Release|Any CPU.Build.0 = Release|Any CPU
		{E58F3EAD-CD3F-4436-B60F-C9B2834CA8EB}.Release|x86.ActiveCfg = Release|x86
		{E58F3EAD-CD3F-4436-B60F-C9B2834CA8EB}.Release|x86.Build.0 = Release|x86
		{BDAE7EA3-499D-489A-83DE-19DB3869523F}.Debug|Any CPU.ActiveCfg = Debug|Any CPU
		{BDAE7EA3-499D-489A-83DE-19DB3869523F}.Debug|Any CPU.Build.0 = Debug|Any CPU
		{BDAE7EA3-499D-489A-83DE-19DB3869523F}.Debug|x86.ActiveCfg = Debug|x86
		{BDAE7EA3-499D-489A-83DE-19DB3869523F}.Debug|x86.Build.0 = Debug|x86
		{BDAE7EA3-499D-489A-83DE-19DB3869523F}.Release|Any CPU.ActiveCfg = Release|Any CPU
		{BDAE7EA3-499D-489A-83DE-19DB3869523F}.Release|Any CPU.Build.0 = Release|Any CPU
		{BDAE7EA3-499D-489A-83DE-19DB3869523F}.Release|x86.ActiveCfg = Release|x86
		{BDAE7EA3-499D-489A-83DE-19DB3869523F}.Release|x86.Build.0 = Release|x86
	EndGlobalSection
	GlobalSection(SolutionProperties) = preSolution
		HideSolutionNode = FALSE
	EndGlobalSection
EndGlobal
